
Microsoft Visual Studio Solution File, Format Version 12.00
# Visual Studio 15
VisualStudioVersion = 15.0.28307.168
MinimumVisualStudioVersion = 10.0.40219.1
Project("{FAE04EC0-301F-11D3-BF4B-00C04F79EFBC}") = "Dsms", "Dsms\Dsms.csproj", "{19B83857-4319-4EC7-B230-EC58F79A232D}"
EndProject
Global
	GlobalSection(SolutionConfigurationPlatforms) = preSolution
		Debug|Any CPU = Debug|Any CPU
		Release|Any CPU = Release|Any CPU
	EndGlobalSection
	GlobalSection(ProjectConfigurationPlatforms) = postSolution
		{19B83857-4319-4EC7-B230-EC58F79A232D}.Debug|Any CPU.ActiveCfg = Debug|Any CPU
		{19B83857-4319-4EC7-B230-EC58F79A232D}.Debug|Any CPU.Build.0 = Debug|Any CPU
		{19B83857-4319-4EC7-B230-EC58F79A232D}.Release|Any CPU.ActiveCfg = Release|Any CPU
		{19B83857-4319-4EC7-B230-EC58F79A232D}.Release|Any CPU.Build.0 = Release|Any CPU
	EndGlobalSection
	GlobalSection(SolutionProperties) = preSolution
		HideSolutionNode = FALSE
	EndGlobalSection
	GlobalSection(ExtensibilityGlobals) = postSolution
		SolutionGuid = {F87A7847-CD41-4E8E-A715-758C8897F4AC}
	EndGlobalSection
EndGlobal
