
Microsoft Visual Studio Solution File, Format Version 12.00
# Visual Studio 15
VisualStudioVersion = 15.0.28307.168
MinimumVisualStudioVersion = 10.0.40219.1
Project("{9A19103F-16F7-4668-BE54-9A1E7A4F7556}") = "Dsms", "Dsms\Dsms.csproj", "{19B83857-4319-4EC7-B230-EC58F79A232D}"
EndProject
Project("{9A19103F-16F7-4668-BE54-9A1E7A4F7556}") = "Model", "Model\Model.csproj", "{4D5901D0-B97B-42D6-AA8B-C4769AA7AC4F}"
EndProject
Project("{2150E333-8FDC-42A3-9474-1A3956D46DE8}") = "Frap3Core", "Frap3Core", "{4A95FF5E-26FB-4EEC-9F4C-00B29E250A61}"
EndProject
Project("{9A19103F-16F7-4668-BE54-9A1E7A4F7556}") = "BCore", "Frap3Core\BCore\BCore.csproj", "{476C627C-AAE2-4482-8C6B-8024B29C7631}"
EndProject
Project("{9A19103F-16F7-4668-BE54-9A1E7A4F7556}") = "DB", "Frap3Core\DB\DB.csproj", "{6500613B-66CE-4666-BE9D-B4FCD11C38E2}"
EndProject
Project("{9A19103F-16F7-4668-BE54-9A1E7A4F7556}") = "ResourceTaro", "Frap3Core\ResourceTaro\ResourceTaro.csproj", "{937AD1AB-62CF-46E9-BC9D-3B043B5841DF}"
EndProject
Project("{9A19103F-16F7-4668-BE54-9A1E7A4F7556}") = "Utility", "Frap3Core\Utility\Utility.csproj", "{81156D49-A7AB-4090-89A3-3E4DA85F856C}"
EndProject
Project("{FAE04EC0-301F-11D3-BF4B-00C04F79EFBC}") = "Business", "Business\Business.csproj", "{1C05E67B-6FF2-47DA-A6C3-2C40819B58B2}"
EndProject
Project("{FAE04EC0-301F-11D3-BF4B-00C04F79EFBC}") = "DataAccess", "DataAccess\DataAccess.csproj", "{24130AF0-561C-4D4A-8BBE-D334C8C31AC3}"
EndProject
Global
	GlobalSection(SolutionConfigurationPlatforms) = preSolution
		Debug|Any CPU = Debug|Any CPU
		Release|Any CPU = Release|Any CPU
	EndGlobalSection
	GlobalSection(ProjectConfigurationPlatforms) = postSolution
		{19B83857-4319-4EC7-B230-EC58F79A232D}.Debug|Any CPU.ActiveCfg = Debug|Any CPU
		{19B83857-4319-4EC7-B230-EC58F79A232D}.Debug|Any CPU.Build.0 = Debug|Any CPU
		{19B83857-4319-4EC7-B230-EC58F79A232D}.Release|Any CPU.ActiveCfg = Release|Any CPU
		{19B83857-4319-4EC7-B230-EC58F79A232D}.Release|Any CPU.Build.0 = Release|Any CPU
		{4D5901D0-B97B-42D6-AA8B-C4769AA7AC4F}.Debug|Any CPU.ActiveCfg = Debug|Any CPU
		{4D5901D0-B97B-42D6-AA8B-C4769AA7AC4F}.Debug|Any CPU.Build.0 = Debug|Any CPU
		{4D5901D0-B97B-42D6-AA8B-C4769AA7AC4F}.Release|Any CPU.ActiveCfg = Release|Any CPU
		{4D5901D0-B97B-42D6-AA8B-C4769AA7AC4F}.Release|Any CPU.Build.0 = Release|Any CPU
		{476C627C-AAE2-4482-8C6B-8024B29C7631}.Debug|Any CPU.ActiveCfg = Debug|Any CPU
		{476C627C-AAE2-4482-8C6B-8024B29C7631}.Debug|Any CPU.Build.0 = Debug|Any CPU
		{476C627C-AAE2-4482-8C6B-8024B29C7631}.Release|Any CPU.ActiveCfg = Release|Any CPU
		{476C627C-AAE2-4482-8C6B-8024B29C7631}.Release|Any CPU.Build.0 = Release|Any CPU
		{6500613B-66CE-4666-BE9D-B4FCD11C38E2}.Debug|Any CPU.ActiveCfg = Debug|Any CPU
		{6500613B-66CE-4666-BE9D-B4FCD11C38E2}.Debug|Any CPU.Build.0 = Debug|Any CPU
		{6500613B-66CE-4666-BE9D-B4FCD11C38E2}.Release|Any CPU.ActiveCfg = Release|Any CPU
		{6500613B-66CE-4666-BE9D-B4FCD11C38E2}.Release|Any CPU.Build.0 = Release|Any CPU
		{937AD1AB-62CF-46E9-BC9D-3B043B5841DF}.Debug|Any CPU.ActiveCfg = Debug|Any CPU
		{937AD1AB-62CF-46E9-BC9D-3B043B5841DF}.Debug|Any CPU.Build.0 = Debug|Any CPU
		{937AD1AB-62CF-46E9-BC9D-3B043B5841DF}.Release|Any CPU.ActiveCfg = Release|Any CPU
		{937AD1AB-62CF-46E9-BC9D-3B043B5841DF}.Release|Any CPU.Build.0 = Release|Any CPU
		{81156D49-A7AB-4090-89A3-3E4DA85F856C}.Debug|Any CPU.ActiveCfg = Debug|Any CPU
		{81156D49-A7AB-4090-89A3-3E4DA85F856C}.Debug|Any CPU.Build.0 = Debug|Any CPU
		{81156D49-A7AB-4090-89A3-3E4DA85F856C}.Release|Any CPU.ActiveCfg = Release|Any CPU
		{81156D49-A7AB-4090-89A3-3E4DA85F856C}.Release|Any CPU.Build.0 = Release|Any CPU
		{1C05E67B-6FF2-47DA-A6C3-2C40819B58B2}.Debug|Any CPU.ActiveCfg = Debug|Any CPU
		{1C05E67B-6FF2-47DA-A6C3-2C40819B58B2}.Debug|Any CPU.Build.0 = Debug|Any CPU
		{1C05E67B-6FF2-47DA-A6C3-2C40819B58B2}.Release|Any CPU.ActiveCfg = Release|Any CPU
		{1C05E67B-6FF2-47DA-A6C3-2C40819B58B2}.Release|Any CPU.Build.0 = Release|Any CPU
		{24130AF0-561C-4D4A-8BBE-D334C8C31AC3}.Debug|Any CPU.ActiveCfg = Debug|Any CPU
		{24130AF0-561C-4D4A-8BBE-D334C8C31AC3}.Debug|Any CPU.Build.0 = Debug|Any CPU
		{24130AF0-561C-4D4A-8BBE-D334C8C31AC3}.Release|Any CPU.ActiveCfg = Release|Any CPU
		{24130AF0-561C-4D4A-8BBE-D334C8C31AC3}.Release|Any CPU.Build.0 = Release|Any CPU
	EndGlobalSection
	GlobalSection(SolutionProperties) = preSolution
		HideSolutionNode = FALSE
	EndGlobalSection
	GlobalSection(NestedProjects) = preSolution
		{476C627C-AAE2-4482-8C6B-8024B29C7631} = {4A95FF5E-26FB-4EEC-9F4C-00B29E250A61}
		{6500613B-66CE-4666-BE9D-B4FCD11C38E2} = {4A95FF5E-26FB-4EEC-9F4C-00B29E250A61}
		{937AD1AB-62CF-46E9-BC9D-3B043B5841DF} = {4A95FF5E-26FB-4EEC-9F4C-00B29E250A61}
		{81156D49-A7AB-4090-89A3-3E4DA85F856C} = {4A95FF5E-26FB-4EEC-9F4C-00B29E250A61}
	EndGlobalSection
	GlobalSection(ExtensibilityGlobals) = postSolution
		SolutionGuid = {F87A7847-CD41-4E8E-A715-758C8897F4AC}
	EndGlobalSection
EndGlobal
